
Microsoft Visual Studio Solution File, Format Version 12.00
Project("{FAE04EC0-301F-11D3-BF4B-00C04F79EFBC}") = "TeeSquare", "TeeSquare\TeeSquare.csproj", "{E9A7B934-E095-4777-BCBA-7AC0C87F9B19}"
EndProject
Project("{FAE04EC0-301F-11D3-BF4B-00C04F79EFBC}") = "TeeSquare.Tests", "TeeSquare.Tests\TeeSquare.Tests.csproj", "{07E64504-16FD-4B2E-B8F2-76563A39ACEF}"
EndProject
Project("{2150E333-8FDC-42A3-9474-1A3956D46DE8}") = "SolutionItems", "SolutionItems", "{CB3B8B45-11E4-49DF-BE90-84468C3D4F75}"
ProjectSection(SolutionItems) = preProject
	..\appveyor.yml = ..\appveyor.yml
	..\readme.md = ..\readme.md
	..\.gitignore = ..\.gitignore
EndProjectSection
EndProject
Project("{FAE04EC0-301F-11D3-BF4B-00C04F79EFBC}") = "TeeSquare.DemoApi", "TeeSquare.DemoApi\TeeSquare.DemoApi.csproj", "{6388E521-B877-4A85-8616-C39CB1B8BDC5}"
EndProject
Project("{FAE04EC0-301F-11D3-BF4B-00C04F79EFBC}") = "TeeSquare.WebApi", "TeeSquare.WebApi\TeeSquare.WebApi.csproj", "{8C0B4F76-808E-4E5A-A3D9-52B11A289AFB}"
EndProject
Project("{FAE04EC0-301F-11D3-BF4B-00C04F79EFBC}") = "TeeSquare.WebApi.Tests", "TeeSquare.WebApi.Tests\TeeSquare.WebApi.Tests.csproj", "{C1BD3256-A1F0-425D-9C85-5270C981147D}"
EndProject
Project("{FAE04EC0-301F-11D3-BF4B-00C04F79EFBC}") = "TeeSquare.Mobx", "TeeSquare.Mobx\TeeSquare.Mobx.csproj", "{B6A3259F-94CC-48E0-9836-7748F194B8B0}"
EndProject
Project("{FAE04EC0-301F-11D3-BF4B-00C04F79EFBC}") = "TeeSquare.Mobx.Tests", "TeeSquare.Mobx.Tests\TeeSquare.Mobx.Tests.csproj", "{1CAE62DE-3FD0-49ED-8028-AA3A68D8371F}"
EndProject
Project("{FAE04EC0-301F-11D3-BF4B-00C04F79EFBC}") = "TeeSquare.DemoApi.CodeGen", "TeeSquare.DemoApi.CodeGen\TeeSquare.DemoApi.CodeGen.csproj", "{D60E71F1-EE57-4292-857F-0C4EF7E1472C}"
EndProject
Project("{FAE04EC0-301F-11D3-BF4B-00C04F79EFBC}") = "TeeSquare.WebApi.Core22", "TeeSquare.WebApi.Core22\TeeSquare.WebApi.Core22.csproj", "{BC65A8D9-15E6-4FDC-9D34-77D13F4F6E96}"
EndProject
Project("{FAE04EC0-301F-11D3-BF4B-00C04F79EFBC}") = "TeeSquare.WebApi.Core31", "TeeSquare.WebApi.Core31\TeeSquare.WebApi.Core31.csproj", "{5369994B-9A88-42B1-9B86-C340848CF0BA}"
EndProject
Global
	GlobalSection(SolutionConfigurationPlatforms) = preSolution
		Debug|Any CPU = Debug|Any CPU
		Release|Any CPU = Release|Any CPU
	EndGlobalSection
	GlobalSection(ProjectConfigurationPlatforms) = postSolution
		{E9A7B934-E095-4777-BCBA-7AC0C87F9B19}.Debug|Any CPU.ActiveCfg = Debug|Any CPU
		{E9A7B934-E095-4777-BCBA-7AC0C87F9B19}.Debug|Any CPU.Build.0 = Debug|Any CPU
		{E9A7B934-E095-4777-BCBA-7AC0C87F9B19}.Release|Any CPU.ActiveCfg = Release|Any CPU
		{E9A7B934-E095-4777-BCBA-7AC0C87F9B19}.Release|Any CPU.Build.0 = Release|Any CPU
		{07E64504-16FD-4B2E-B8F2-76563A39ACEF}.Debug|Any CPU.ActiveCfg = Debug|Any CPU
		{07E64504-16FD-4B2E-B8F2-76563A39ACEF}.Debug|Any CPU.Build.0 = Debug|Any CPU
		{07E64504-16FD-4B2E-B8F2-76563A39ACEF}.Release|Any CPU.ActiveCfg = Release|Any CPU
		{07E64504-16FD-4B2E-B8F2-76563A39ACEF}.Release|Any CPU.Build.0 = Release|Any CPU
		{6388E521-B877-4A85-8616-C39CB1B8BDC5}.Debug|Any CPU.ActiveCfg = Debug|Any CPU
		{6388E521-B877-4A85-8616-C39CB1B8BDC5}.Debug|Any CPU.Build.0 = Debug|Any CPU
		{6388E521-B877-4A85-8616-C39CB1B8BDC5}.Release|Any CPU.ActiveCfg = Release|Any CPU
		{6388E521-B877-4A85-8616-C39CB1B8BDC5}.Release|Any CPU.Build.0 = Release|Any CPU
		{8C0B4F76-808E-4E5A-A3D9-52B11A289AFB}.Debug|Any CPU.ActiveCfg = Debug|Any CPU
		{8C0B4F76-808E-4E5A-A3D9-52B11A289AFB}.Debug|Any CPU.Build.0 = Debug|Any CPU
		{8C0B4F76-808E-4E5A-A3D9-52B11A289AFB}.Release|Any CPU.ActiveCfg = Release|Any CPU
		{8C0B4F76-808E-4E5A-A3D9-52B11A289AFB}.Release|Any CPU.Build.0 = Release|Any CPU
		{C1BD3256-A1F0-425D-9C85-5270C981147D}.Debug|Any CPU.ActiveCfg = Debug|Any CPU
		{C1BD3256-A1F0-425D-9C85-5270C981147D}.Debug|Any CPU.Build.0 = Debug|Any CPU
		{C1BD3256-A1F0-425D-9C85-5270C981147D}.Release|Any CPU.ActiveCfg = Release|Any CPU
		{C1BD3256-A1F0-425D-9C85-5270C981147D}.Release|Any CPU.Build.0 = Release|Any CPU
		{B6A3259F-94CC-48E0-9836-7748F194B8B0}.Debug|Any CPU.ActiveCfg = Debug|Any CPU
		{B6A3259F-94CC-48E0-9836-7748F194B8B0}.Debug|Any CPU.Build.0 = Debug|Any CPU
		{B6A3259F-94CC-48E0-9836-7748F194B8B0}.Release|Any CPU.ActiveCfg = Release|Any CPU
		{B6A3259F-94CC-48E0-9836-7748F194B8B0}.Release|Any CPU.Build.0 = Release|Any CPU
		{1CAE62DE-3FD0-49ED-8028-AA3A68D8371F}.Debug|Any CPU.ActiveCfg = Debug|Any CPU
		{1CAE62DE-3FD0-49ED-8028-AA3A68D8371F}.Debug|Any CPU.Build.0 = Debug|Any CPU
		{1CAE62DE-3FD0-49ED-8028-AA3A68D8371F}.Release|Any CPU.ActiveCfg = Release|Any CPU
		{1CAE62DE-3FD0-49ED-8028-AA3A68D8371F}.Release|Any CPU.Build.0 = Release|Any CPU
		{D60E71F1-EE57-4292-857F-0C4EF7E1472C}.Debug|Any CPU.ActiveCfg = Debug|Any CPU
		{D60E71F1-EE57-4292-857F-0C4EF7E1472C}.Debug|Any CPU.Build.0 = Debug|Any CPU
		{D60E71F1-EE57-4292-857F-0C4EF7E1472C}.Release|Any CPU.ActiveCfg = Release|Any CPU
		{D60E71F1-EE57-4292-857F-0C4EF7E1472C}.Release|Any CPU.Build.0 = Release|Any CPU
		{BC65A8D9-15E6-4FDC-9D34-77D13F4F6E96}.Debug|Any CPU.ActiveCfg = Debug|Any CPU
		{BC65A8D9-15E6-4FDC-9D34-77D13F4F6E96}.Debug|Any CPU.Build.0 = Debug|Any CPU
		{BC65A8D9-15E6-4FDC-9D34-77D13F4F6E96}.Release|Any CPU.ActiveCfg = Release|Any CPU
		{BC65A8D9-15E6-4FDC-9D34-77D13F4F6E96}.Release|Any CPU.Build.0 = Release|Any CPU
		{5369994B-9A88-42B1-9B86-C340848CF0BA}.Debug|Any CPU.ActiveCfg = Debug|Any CPU
		{5369994B-9A88-42B1-9B86-C340848CF0BA}.Debug|Any CPU.Build.0 = Debug|Any CPU
		{5369994B-9A88-42B1-9B86-C340848CF0BA}.Release|Any CPU.ActiveCfg = Release|Any CPU
		{5369994B-9A88-42B1-9B86-C340848CF0BA}.Release|Any CPU.Build.0 = Release|Any CPU
	EndGlobalSection
EndGlobal
